
Microsoft Visual Studio Solution File, Format Version 12.00
# Visual Studio Version 17
VisualStudioVersion = 17.4.33122.133
MinimumVisualStudioVersion = 10.0.40219.1
Project("{9092AA53-FB77-4645-B42D-1CCCA6BD08BD}") = "TestNodeJsDemo1", "TestNodeJsDemo1\TestNodeJsDemo1.njsproj", "{0C6F734B-04BE-4F4C-820D-14BF7F01DC88}"
EndProject
Global
	GlobalSection(SolutionConfigurationPlatforms) = preSolution
		Debug|Any CPU = Debug|Any CPU
		Release|Any CPU = Release|Any CPU
	EndGlobalSection
	GlobalSection(ProjectConfigurationPlatforms) = postSolution
		{0C6F734B-04BE-4F4C-820D-14BF7F01DC88}.Debug|Any CPU.ActiveCfg = Debug|Any CPU
		{0C6F734B-04BE-4F4C-820D-14BF7F01DC88}.Debug|Any CPU.Build.0 = Debug|Any CPU
		{0C6F734B-04BE-4F4C-820D-14BF7F01DC88}.Release|Any CPU.ActiveCfg = Release|Any CPU
		{0C6F734B-04BE-4F4C-820D-14BF7F01DC88}.Release|Any CPU.Build.0 = Release|Any CPU
	EndGlobalSection
	GlobalSection(SolutionProperties) = preSolution
		HideSolutionNode = FALSE
	EndGlobalSection
	GlobalSection(ExtensibilityGlobals) = postSolution
		SolutionGuid = {648C9BB3-778E-48FF-8CD8-36D1B3509C91}
	EndGlobalSection
EndGlobal
